# THIS IS AN AUTOGENERATED FILE. DO NOT EDIT THIS FILE DIRECTLY.
# yarn lockfile v1


"@algolia/autocomplete-core@1.7.1":
  "integrity" "sha512-eiZw+fxMzNQn01S8dA/hcCpoWCOCwcIIEUtHHdzN5TGB3IpzLbuhqFeTfh2OUhhgkE8Uo17+wH+QJ/wYyQmmzg=="
  "resolved" "https://registry.npmjs.org/@algolia/autocomplete-core/-/autocomplete-core-1.7.1.tgz"
  "version" "1.7.1"
  dependencies:
    "@algolia/autocomplete-shared" "1.7.1"

"@algolia/autocomplete-preset-algolia@1.7.1":
  "integrity" "sha512-pJwmIxeJCymU1M6cGujnaIYcY3QPOVYZOXhFkWVM7IxKzy272BwCvMFMyc5NpG/QmiObBxjo7myd060OeTNJXg=="
  "resolved" "https://registry.npmjs.org/@algolia/autocomplete-preset-algolia/-/autocomplete-preset-algolia-1.7.1.tgz"
  "version" "1.7.1"
  dependencies:
    "@algolia/autocomplete-shared" "1.7.1"

"@algolia/autocomplete-shared@1.7.1":
  "integrity" "sha512-eTmGVqY3GeyBTT8IWiB2K5EuURAqhnumfktAEoHxfDY2o7vg2rSnO16ZtIG0fMgt3py28Vwgq42/bVEuaQV7pg=="
  "resolved" "https://registry.npmjs.org/@algolia/autocomplete-shared/-/autocomplete-shared-1.7.1.tgz"
  "version" "1.7.1"

"@algolia/cache-browser-local-storage@4.14.0":
  "integrity" "sha512-vSX0uPTgTuWdKOv0DbjFBl5AGlWDzYADtv5ChLBBKHTBhAKp4f9b38zDB0v89pCbcoAGZjtb6UTM+pUEVSTuSw=="
  "resolved" "https://registry.npmjs.org/@algolia/cache-browser-local-storage/-/cache-browser-local-storage-4.14.0.tgz"
  "version" "4.14.0"
  dependencies:
    "@algolia/cache-common" "4.14.0"

"@algolia/cache-common@4.14.0":
  "integrity" "sha512-9bCWX78td6DEtyVIJc2R8MokniFFgbS5r9ADVvBuBeDtVuNhOwDO/MYZ2WlAQJTwos9TtS9v0iJ9Ym0rDHMldA=="
  "resolved" "https://registry.npmjs.org/@algolia/cache-common/-/cache-common-4.14.0.tgz"
  "version" "4.14.0"

"@algolia/cache-in-memory@4.14.0":
  "integrity" "sha512-kIH9JjebSsZVxnTjaWarunFkWaHnMZ5vG98KwvQj++I4PCMgk7z/GBm9bMNgPUsDPqHxQ0p9HO/j8YgN6VYxgQ=="
  "resolved" "https://registry.npmjs.org/@algolia/cache-in-memory/-/cache-in-memory-4.14.0.tgz"
  "version" "4.14.0"
  dependencies:
    "@algolia/cache-common" "4.14.0"

"@algolia/client-account@4.14.0":
  "integrity" "sha512-b0rAB3D2rf5qOeBZbUNcixl9EmiVPz6QgEvP2TC3Ed85+8xdVhtbyLD5EzTHQr2BPXvklo5NK1K5Q3UOZ9ojJQ=="
  "resolved" "https://registry.npmjs.org/@algolia/client-account/-/client-account-4.14.0.tgz"
  "version" "4.14.0"
  dependencies:
    "@algolia/client-common" "4.14.0"
    "@algolia/client-search" "4.14.0"
    "@algolia/transporter" "4.14.0"

"@algolia/client-analytics@4.14.0":
  "integrity" "sha512-HcuAbUP2D2SZiV8pvBd6ZoJNJ1Zu5bvUctCknGS7QVQv4xfeDHFcQulwEPftKBhIoJmVZPsQznpeLf+PTGTA+w=="
  "resolved" "https://registry.npmjs.org/@algolia/client-analytics/-/client-analytics-4.14.0.tgz"
  "version" "4.14.0"
  dependencies:
    "@algolia/client-common" "4.14.0"
    "@algolia/client-search" "4.14.0"
    "@algolia/requester-common" "4.14.0"
    "@algolia/transporter" "4.14.0"

"@algolia/client-common@4.14.0":
  "integrity" "sha512-7pmtPOicY6QEBQEYinChkVVi0SnDGcgJn1P0GkWxIMD23ZQk7o0/eMAQYqkGR3TET6YB/bZDeDrpL5v4DKN3tg=="
  "resolved" "https://registry.npmjs.org/@algolia/client-common/-/client-common-4.14.0.tgz"
  "version" "4.14.0"
  dependencies:
    "@algolia/requester-common" "4.14.0"
    "@algolia/transporter" "4.14.0"

"@algolia/client-personalization@4.14.0":
  "integrity" "sha512-O/vADaSZYAzL0o8L+2QeTZr1O3VXu8DjBUXnEWWgn96v6zqTH0aoQsQ7gvYEsGNvTGiZZwNJNruzMaBNG0GNUA=="
  "resolved" "https://registry.npmjs.org/@algolia/client-personalization/-/client-personalization-4.14.0.tgz"
  "version" "4.14.0"
  dependencies:
    "@algolia/client-common" "4.14.0"
    "@algolia/requester-common" "4.14.0"
    "@algolia/transporter" "4.14.0"

"@algolia/client-search@^4.9.1", "@algolia/client-search@4.14.0":
  "integrity" "sha512-gFxteVMUzEMq6lDEex/gZKNudrFmOFLuWS9SQCU+sXeTCRw32aY5/RBDigOkD6Yp6nLkfnYWvPnDshwY6WgTbw=="
  "resolved" "https://registry.npmjs.org/@algolia/client-search/-/client-search-4.14.0.tgz"
  "version" "4.14.0"
  dependencies:
    "@algolia/client-common" "4.14.0"
    "@algolia/requester-common" "4.14.0"
    "@algolia/transporter" "4.14.0"

"@algolia/logger-common@4.14.0":
  "integrity" "sha512-1Fw+5Nd4d7NWNA9FhOIIXzESJn+j5VTO/f3YK+XhoOlbAwfMbD32InWEjNglrcHnSO8kpqrizFXveKTx1CzoKw=="
  "resolved" "https://registry.npmjs.org/@algolia/logger-common/-/logger-common-4.14.0.tgz"
  "version" "4.14.0"

"@algolia/logger-console@4.14.0":
  "integrity" "sha512-nBJwg1TVdzAZCIA5tIFYKA+QqYGD9iRhO8yEdm68VcOeckyNTQuvJtAkWyvzr2qNL6GD+bN8nUQ8Cf5HFy/wZg=="
  "resolved" "https://registry.npmjs.org/@algolia/logger-console/-/logger-console-4.14.0.tgz"
  "version" "4.14.0"
  dependencies:
    "@algolia/logger-common" "4.14.0"

"@algolia/requester-browser-xhr@4.14.0":
  "integrity" "sha512-J4ND/l0/wOyztyOA3F4kFNIj/QDTeiS45m3hqSCVXpIJn/iq1ZP8zYW5q0/2sEMehO8TawVJiHnXYV0kO0Dk0Q=="
  "resolved" "https://registry.npmjs.org/@algolia/requester-browser-xhr/-/requester-browser-xhr-4.14.0.tgz"
  "version" "4.14.0"
  dependencies:
    "@algolia/requester-common" "4.14.0"

"@algolia/requester-common@4.14.0":
  "integrity" "sha512-8DGIW5keIbAFet2TKGr/C9DVJ1r8IWFjgf4URPHn6NHMf6R+ruQp0gOf7xBP1Bw6JIS3/DbvlGqbw8sNO/N+Hw=="
  "resolved" "https://registry.npmjs.org/@algolia/requester-common/-/requester-common-4.14.0.tgz"
  "version" "4.14.0"

"@algolia/requester-node-http@4.14.0":
  "integrity" "sha512-DP0k1H9c6+lR4G/jKG4kez3QW1ksUDSSSSy3I8nhPZErIGgd0IqCTXDt1GwykDEkvYj/l4sA3x8pJtDMW3JSzw=="
  "resolved" "https://registry.npmjs.org/@algolia/requester-node-http/-/requester-node-http-4.14.0.tgz"
  "version" "4.14.0"
  dependencies:
    "@algolia/requester-common" "4.14.0"

"@algolia/transporter@4.14.0":
  "integrity" "sha512-AP+8Qxeg0XvQ3rFbj4pIUzDMmtjo5pgBMx/57ADbge5Y4Y9ByDdQNjEKk6QFIe70SAwR/cGzglwYg7nl8mK/OA=="
  "resolved" "https://registry.npmjs.org/@algolia/transporter/-/transporter-4.14.0.tgz"
  "version" "4.14.0"
  dependencies:
    "@algolia/cache-common" "4.14.0"
    "@algolia/logger-common" "4.14.0"
    "@algolia/requester-common" "4.14.0"

"@babel/parser@^7.16.4":
  "integrity" "sha512-9uJveS9eY9DJ0t64YbIBZICtJy8a5QrDEVdiLCG97fVLpDTpGX7t8mMSb6OWw6Lrnjqj4O8zwjELX3dhoMgiBg=="
  "resolved" "https://registry.npmjs.org/@babel/parser/-/parser-7.18.9.tgz"
  "version" "7.18.9"

"@docsearch/css@^3.0.0", "@docsearch/css@3.1.1":
  "integrity" "sha512-utLgg7E1agqQeqCJn05DWC7XXMk4tMUUnL7MZupcknRu2OzGN13qwey2qA/0NAKkVBGugiWtON0+rlU0QIPojg=="
  "resolved" "https://registry.npmjs.org/@docsearch/css/-/css-3.1.1.tgz"
  "version" "3.1.1"

"@docsearch/js@^3.0.0":
  "integrity" "sha512-bt7l2aKRoSnLUuX+s4LVQ1a7AF2c9myiZNv5uvQCePG5tpvVGpwrnMwqVXOUJn9q6FwVVhOrQMO/t+QmnnAEUw=="
  "resolved" "https://registry.npmjs.org/@docsearch/js/-/js-3.1.1.tgz"
  "version" "3.1.1"
  dependencies:
    "@docsearch/react" "3.1.1"
    "preact" "^10.0.0"

"@docsearch/react@3.1.1":
  "integrity" "sha512-cfoql4qvtsVRqBMYxhlGNpvyy/KlCoPqjIsJSZYqYf9AplZncKjLBTcwBu6RXFMVCe30cIFljniI4OjqAU67pQ=="
  "resolved" "https://registry.npmjs.org/@docsearch/react/-/react-3.1.1.tgz"
  "version" "3.1.1"
  dependencies:
    "@algolia/autocomplete-core" "1.7.1"
    "@algolia/autocomplete-preset-algolia" "1.7.1"
    "@docsearch/css" "3.1.1"
    "algoliasearch" "^4.0.0"

"@types/prop-types@*":
  "integrity" "sha512-JCB8C6SnDoQf0cNycqd/35A7MjcnK+ZTqE7judS6o7utxUCg6imJg3QK2qzHKszlTjcj2cn+NwMB2i96ubpj7w=="
  "resolved" "https://registry.npmjs.org/@types/prop-types/-/prop-types-15.7.5.tgz"
  "version" "15.7.5"

"@types/react@>= 16.8.0 < 19.0.0":
  "integrity" "sha512-iz3BtLuIYH1uWdsv6wXYdhozhqj20oD4/Hk2DNXIn1kFsmp9x8d9QB6FnPhfkbhd2PgEONt9Q1x/ebkwjfFLow=="
  "resolved" "https://registry.npmjs.org/@types/react/-/react-18.0.15.tgz"
  "version" "18.0.15"
  dependencies:
    "@types/prop-types" "*"
    "@types/scheduler" "*"
    "csstype" "^3.0.2"

"@types/scheduler@*":
  "integrity" "sha512-hppQEBDmlwhFAXKJX2KnWLYu5yMfi91yazPb2l+lbJiwW+wdo1gNeRA+3RgNSO39WYX2euey41KEwnqesU2Jew=="
  "resolved" "https://registry.npmjs.org/@types/scheduler/-/scheduler-0.16.2.tgz"
  "version" "0.16.2"

"@types/web-bluetooth@^0.0.14":
  "integrity" "sha512-5d2RhCard1nQUC3aHcq/gHzWYO6K0WJmAbjO7mQJgCQKtZpgXxv1rOM6O/dBDhDYYVutk1sciOgNSe+5YyfM8A=="
  "resolved" "https://registry.npmjs.org/@types/web-bluetooth/-/web-bluetooth-0.0.14.tgz"
  "version" "0.0.14"

"@vitejs/plugin-vue@^2.3.2":
  "integrity" "sha512-SmQLDyhz+6lGJhPELsBdzXGc+AcaT8stgkbiTFGpXPe8Tl1tJaBw1A6pxDqDuRsVkD8uscrkx3hA7QDOoKYtyw=="
  "resolved" "https://registry.npmjs.org/@vitejs/plugin-vue/-/plugin-vue-2.3.3.tgz"
  "version" "2.3.3"

"@vue/compiler-core@3.2.37":
  "integrity" "sha512-81KhEjo7YAOh0vQJoSmAD68wLfYqJvoiD4ulyedzF+OEk/bk6/hx3fTNVfuzugIIaTrOx4PGx6pAiBRe5e9Zmg=="
  "resolved" "https://registry.npmjs.org/@vue/compiler-core/-/compiler-core-3.2.37.tgz"
  "version" "3.2.37"
  dependencies:
    "@babel/parser" "^7.16.4"
    "@vue/shared" "3.2.37"
    "estree-walker" "^2.0.2"
    "source-map" "^0.6.1"

"@vue/compiler-dom@3.2.37":
  "integrity" "sha512-yxJLH167fucHKxaqXpYk7x8z7mMEnXOw3G2q62FTkmsvNxu4FQSu5+3UMb+L7fjKa26DEzhrmCxAgFLLIzVfqQ=="
  "resolved" "https://registry.npmjs.org/@vue/compiler-dom/-/compiler-dom-3.2.37.tgz"
  "version" "3.2.37"
  dependencies:
    "@vue/compiler-core" "3.2.37"
    "@vue/shared" "3.2.37"

"@vue/compiler-sfc@3.2.37":
  "integrity" "sha512-+7i/2+9LYlpqDv+KTtWhOZH+pa8/HnX/905MdVmAcI/mPQOBwkHHIzrsEsucyOIZQYMkXUiTkmZq5am/NyXKkg=="
  "resolved" "https://registry.npmjs.org/@vue/compiler-sfc/-/compiler-sfc-3.2.37.tgz"
  "version" "3.2.37"
  dependencies:
    "@babel/parser" "^7.16.4"
    "@vue/compiler-core" "3.2.37"
    "@vue/compiler-dom" "3.2.37"
    "@vue/compiler-ssr" "3.2.37"
    "@vue/reactivity-transform" "3.2.37"
    "@vue/shared" "3.2.37"
    "estree-walker" "^2.0.2"
    "magic-string" "^0.25.7"
    "postcss" "^8.1.10"
    "source-map" "^0.6.1"

"@vue/compiler-ssr@3.2.37":
  "integrity" "sha512-7mQJD7HdXxQjktmsWp/J67lThEIcxLemz1Vb5I6rYJHR5vI+lON3nPGOH3ubmbvYGt8xEUaAr1j7/tIFWiEOqw=="
  "resolved" "https://registry.npmjs.org/@vue/compiler-ssr/-/compiler-ssr-3.2.37.tgz"
  "version" "3.2.37"
  dependencies:
    "@vue/compiler-dom" "3.2.37"
    "@vue/shared" "3.2.37"

"@vue/devtools-api@^6.1.4":
  "integrity" "sha512-OEgAMeQXvCoJ+1x8WyQuVZzFo0wcyCmUR3baRVLmKBo1LmYZWMlRiXlux5jd0fqVJu6PfDbOrZItVqUEzLobeQ=="
  "resolved" "https://registry.npmjs.org/@vue/devtools-api/-/devtools-api-6.2.1.tgz"
  "version" "6.2.1"

"@vue/reactivity-transform@3.2.37":
  "integrity" "sha512-IWopkKEb+8qpu/1eMKVeXrK0NLw9HicGviJzhJDEyfxTR9e1WtpnnbYkJWurX6WwoFP0sz10xQg8yL8lgskAZg=="
  "resolved" "https://registry.npmjs.org/@vue/reactivity-transform/-/reactivity-transform-3.2.37.tgz"
  "version" "3.2.37"
  dependencies:
    "@babel/parser" "^7.16.4"
    "@vue/compiler-core" "3.2.37"
    "@vue/shared" "3.2.37"
    "estree-walker" "^2.0.2"
    "magic-string" "^0.25.7"

"@vue/reactivity@3.2.37":
  "integrity" "sha512-/7WRafBOshOc6m3F7plwzPeCu/RCVv9uMpOwa/5PiY1Zz+WLVRWiy0MYKwmg19KBdGtFWsmZ4cD+LOdVPcs52A=="
  "resolved" "https://registry.npmjs.org/@vue/reactivity/-/reactivity-3.2.37.tgz"
  "version" "3.2.37"
  dependencies:
    "@vue/shared" "3.2.37"

"@vue/runtime-core@3.2.37":
  "integrity" "sha512-JPcd9kFyEdXLl/i0ClS7lwgcs0QpUAWj+SKX2ZC3ANKi1U4DOtiEr6cRqFXsPwY5u1L9fAjkinIdB8Rz3FoYNQ=="
  "resolved" "https://registry.npmjs.org/@vue/runtime-core/-/runtime-core-3.2.37.tgz"
  "version" "3.2.37"
  dependencies:
    "@vue/reactivity" "3.2.37"
    "@vue/shared" "3.2.37"

"@vue/runtime-dom@3.2.37":
  "integrity" "sha512-HimKdh9BepShW6YozwRKAYjYQWg9mQn63RGEiSswMbW+ssIht1MILYlVGkAGGQbkhSh31PCdoUcfiu4apXJoPw=="
  "resolved" "https://registry.npmjs.org/@vue/runtime-dom/-/runtime-dom-3.2.37.tgz"
  "version" "3.2.37"
  dependencies:
    "@vue/runtime-core" "3.2.37"
    "@vue/shared" "3.2.37"
    "csstype" "^2.6.8"

"@vue/server-renderer@3.2.37":
  "integrity" "sha512-kLITEJvaYgZQ2h47hIzPh2K3jG8c1zCVbp/o/bzQOyvzaKiCquKS7AaioPI28GNxIsE/zSx+EwWYsNxDCX95MA=="
  "resolved" "https://registry.npmjs.org/@vue/server-renderer/-/server-renderer-3.2.37.tgz"
  "version" "3.2.37"
  dependencies:
    "@vue/compiler-ssr" "3.2.37"
    "@vue/shared" "3.2.37"

"@vue/shared@3.2.37":
  "integrity" "sha512-4rSJemR2NQIo9Klm1vabqWjD8rs/ZaJSzMxkMNeJS6lHiUjjUeYFbooN19NgFjztubEKh3WlZUeOLVdbbUWHsw=="
  "resolved" "https://registry.npmjs.org/@vue/shared/-/shared-3.2.37.tgz"
  "version" "3.2.37"

"@vueuse/core@^8.5.0":
  "integrity" "sha512-B/Mdj9TK1peFyWaPof+Zf/mP9XuGAngaJZBwPaXBvU3aCTZlx3ltlrFFFyMV4iGBwsjSCeUCgZrtkEj9dS2Y3Q=="
  "resolved" "https://registry.npmjs.org/@vueuse/core/-/core-8.9.4.tgz"
  "version" "8.9.4"
  dependencies:
    "@types/web-bluetooth" "^0.0.14"
    "@vueuse/metadata" "8.9.4"
    "@vueuse/shared" "8.9.4"
    "vue-demi" "*"

"@vueuse/metadata@8.9.4":
  "integrity" "sha512-IwSfzH80bnJMzqhaapqJl9JRIiyQU0zsRGEgnxN6jhq7992cPUJIRfV+JHRIZXjYqbwt07E1gTEp0R0zPJ1aqw=="
  "resolved" "https://registry.npmjs.org/@vueuse/metadata/-/metadata-8.9.4.tgz"
  "version" "8.9.4"

"@vueuse/shared@8.9.4":
  "integrity" "sha512-wt+T30c4K6dGRMVqPddexEVLa28YwxW5OFIPmzUHICjphfAuBFTTdDoyqREZNDOFJZ44ARH1WWQNCUK8koJ+Ag=="
  "resolved" "https://registry.npmjs.org/@vueuse/shared/-/shared-8.9.4.tgz"
  "version" "8.9.4"
  dependencies:
    "vue-demi" "*"

"algoliasearch@^4.0.0", "algoliasearch@^4.9.1":
  "integrity" "sha512-r1rt5UQnrmqwjloi4tZzggUC7oWjNR/gfk+fjx0x4oP2UeDW5c8/XCovVFs9nwJ4n2xNKlxELyMAedcuLrBdng=="
  "resolved" "https://registry.npmjs.org/algoliasearch/-/algoliasearch-4.14.0.tgz"
  "version" "4.14.0"
  dependencies:
    "@algolia/cache-browser-local-storage" "4.14.0"
    "@algolia/cache-common" "4.14.0"
    "@algolia/cache-in-memory" "4.14.0"
    "@algolia/client-account" "4.14.0"
    "@algolia/client-analytics" "4.14.0"
    "@algolia/client-common" "4.14.0"
    "@algolia/client-personalization" "4.14.0"
    "@algolia/client-search" "4.14.0"
    "@algolia/logger-common" "4.14.0"
    "@algolia/logger-console" "4.14.0"
    "@algolia/requester-browser-xhr" "4.14.0"
    "@algolia/requester-common" "4.14.0"
    "@algolia/requester-node-http" "4.14.0"
    "@algolia/transporter" "4.14.0"

"body-scroll-lock@^4.0.0-beta.0":
  "integrity" "sha512-a7tP5+0Mw3YlUJcGAKUqIBkYYGlYxk2fnCasq/FUph1hadxlTRjF+gAcZksxANnaMnALjxEddmSi/H3OR8ugcQ=="
  "resolved" "https://registry.npmjs.org/body-scroll-lock/-/body-scroll-lock-4.0.0-beta.0.tgz"
  "version" "4.0.0-beta.0"

"csstype@^2.6.8":
  "integrity" "sha512-/WwNkdXfckNgw6S5R125rrW8ez139lBHWouiBvX8dfMFtcn6V81REDqnH7+CRpRipfYlyU1CmOnOxrmGcFOjeA=="
  "resolved" "https://registry.npmjs.org/csstype/-/csstype-2.6.20.tgz"
  "version" "2.6.20"

"csstype@^3.0.2":
  "integrity" "sha512-uX1KG+x9h5hIJsaKR9xHUeUraxf8IODOwq9JLNPq6BwB04a/xgpq3rcx47l5BZu5zBPlgD342tdke3Hom/nJRA=="
  "resolved" "https://registry.npmjs.org/csstype/-/csstype-3.1.0.tgz"
  "version" "3.1.0"

"esbuild-windows-64@0.14.49":
  "integrity" "sha512-+Cme7Ongv0UIUTniPqfTX6mJ8Deo7VXw9xN0yJEN1lQMHDppTNmKwAM3oGbD/Vqff+07K2gN0WfNkMohmG+dVw=="
  "resolved" "https://registry.npmjs.org/esbuild-windows-64/-/esbuild-windows-64-0.14.49.tgz"
  "version" "0.14.49"

"esbuild@^0.14.27":
  "integrity" "sha512-/TlVHhOaq7Yz8N1OJrjqM3Auzo5wjvHFLk+T8pIue+fhnhIMpfAzsG6PLVMbFveVxqD2WOp3QHei+52IMUNmCw=="
  "resolved" "https://registry.npmjs.org/esbuild/-/esbuild-0.14.49.tgz"
  "version" "0.14.49"
  optionalDependencies:
    "esbuild-android-64" "0.14.49"
    "esbuild-android-arm64" "0.14.49"
    "esbuild-darwin-64" "0.14.49"
    "esbuild-darwin-arm64" "0.14.49"
    "esbuild-freebsd-64" "0.14.49"
    "esbuild-freebsd-arm64" "0.14.49"
    "esbuild-linux-32" "0.14.49"
    "esbuild-linux-64" "0.14.49"
    "esbuild-linux-arm" "0.14.49"
    "esbuild-linux-arm64" "0.14.49"
    "esbuild-linux-mips64le" "0.14.49"
    "esbuild-linux-ppc64le" "0.14.49"
    "esbuild-linux-riscv64" "0.14.49"
    "esbuild-linux-s390x" "0.14.49"
    "esbuild-netbsd-64" "0.14.49"
    "esbuild-openbsd-64" "0.14.49"
    "esbuild-sunos-64" "0.14.49"
    "esbuild-windows-32" "0.14.49"
    "esbuild-windows-64" "0.14.49"
    "esbuild-windows-arm64" "0.14.49"

"estree-walker@^2.0.2":
  "integrity" "sha512-Rfkk/Mp/DL7JVje3u18FxFujQlTNR2q6QfMSMB7AvCBx91NGj/ba3kCfza0f6dVDbw7YlRf/nDrn7pQrCCyQ/w=="
  "resolved" "https://registry.npmjs.org/estree-walker/-/estree-walker-2.0.2.tgz"
  "version" "2.0.2"

"function-bind@^1.1.1":
  "integrity" "sha512-yIovAzMX49sF8Yl58fSCWJ5svSLuaibPxXQJFLmBObTuCr0Mf1KiPopGM9NiFjiYBCbfaa2Fh6breQ6ANVTI0A=="
  "resolved" "https://registry.npmjs.org/function-bind/-/function-bind-1.1.1.tgz"
  "version" "1.1.1"

"has@^1.0.3":
  "integrity" "sha512-f2dvO0VU6Oej7RkWJGrehjbzMAjFp5/VKPp5tTpWIV4JHHZK1/BxbFRtf/siA2SWTe09caDmVtYYzWEIbBS4zw=="
  "resolved" "https://registry.npmjs.org/has/-/has-1.0.3.tgz"
  "version" "1.0.3"
  dependencies:
    "function-bind" "^1.1.1"

"is-core-module@^2.9.0":
  "integrity" "sha512-+5FPy5PnwmO3lvfMb0AsoPaBG+5KHUI0wYFXOtYPnVVVspTFUuMZNfNaNVRt3FZadstu2c8x23vykRW/NBoU6A=="
  "resolved" "https://registry.npmjs.org/is-core-module/-/is-core-module-2.9.0.tgz"
  "version" "2.9.0"
  dependencies:
    "has" "^1.0.3"

"js-tokens@^3.0.0 || ^4.0.0":
  "integrity" "sha512-RdJUflcE3cUzKiMqQgsCu06FPu9UdIJO0beYbPhHN4k6apgJtifcoCtT9bcxOpYBtpD2kCM6Sbzg4CausW/PKQ=="
  "resolved" "https://registry.npmjs.org/js-tokens/-/js-tokens-4.0.0.tgz"
  "version" "4.0.0"

"jsonc-parser@^3.0.0":
  "integrity" "sha512-DRf0QjnNeCUds3xTjKlQQ3DpJD51GvDjJfnxUVWg6PZTo2otSm+slzNAxU/35hF8/oJIKoG9slq30JYOsF2azg=="
  "resolved" "https://registry.npmjs.org/jsonc-parser/-/jsonc-parser-3.1.0.tgz"
  "version" "3.1.0"

"loose-envify@^1.1.0":
  "integrity" "sha512-lyuxPGr/Wfhrlem2CL/UcnUc1zcqKAImBDzukY7Y5F/yQiNdko6+fRLevlw1HgMySw7f611UIY408EtxRSoK3Q=="
  "resolved" "https://registry.npmjs.org/loose-envify/-/loose-envify-1.4.0.tgz"
  "version" "1.4.0"
  dependencies:
    "js-tokens" "^3.0.0 || ^4.0.0"

"magic-string@^0.25.7":
  "integrity" "sha512-RmF0AsMzgt25qzqqLc1+MbHmhdx0ojF2Fvs4XnOqz2ZOBXzzkEwc/dJQZCYHAn7v1jbVOjAZfK8msRn4BxO4VQ=="
  "resolved" "https://registry.npmjs.org/magic-string/-/magic-string-0.25.9.tgz"
  "version" "0.25.9"
  dependencies:
    "sourcemap-codec" "^1.4.8"

"markdown-it-imsize@^2.0.1":
  "integrity" "sha512-5SH90ademqcR8ifQCBXRCfIR4HGfZZOh5pO0j2TglulfSQH+SBXM4Iw/QlTUbSoUwVZArCYgECoMvktDS2kP3w=="
  "resolved" "https://registry.npmjs.org/markdown-it-imsize/-/markdown-it-imsize-2.0.1.tgz"
  "version" "2.0.1"

"nanoid@^3.3.4":
  "integrity" "sha512-MqBkQh/OHTS2egovRtLk45wEyNXwF+cokD+1YPf9u5VfJiRdAiRwB2froX5Co9Rh20xs4siNPm8naNotSD6RBw=="
  "resolved" "https://registry.npmjs.org/nanoid/-/nanoid-3.3.4.tgz"
  "version" "3.3.4"

"path-parse@^1.0.7":
  "integrity" "sha512-LDJzPVEEEPR+y48z93A0Ed0yXb8pAByGWo/k5YYdYgpY2/2EsOsksJrq7lOHxryrVOn1ejG6oAp8ahvOIQD8sw=="
  "resolved" "https://registry.npmjs.org/path-parse/-/path-parse-1.0.7.tgz"
  "version" "1.0.7"

"picocolors@^1.0.0":
  "integrity" "sha512-1fygroTLlHu66zi26VoTDv8yRgm0Fccecssto+MhsZ0D/DGW2sm8E8AjW7NU5VVTRt5GxbeZ5qBuJr+HyLYkjQ=="
  "resolved" "https://registry.npmjs.org/picocolors/-/picocolors-1.0.0.tgz"
  "version" "1.0.0"

"postcss@^8.1.10", "postcss@^8.4.13":
  "integrity" "sha512-E398TUmfAYFPBSdzgeieK2Y1+1cpdxJx8yXbK/m57nRhKSmk1GB2tO4lbLBtlkfPQTDKfe4Xqv1ASWPpayPEig=="
  "resolved" "https://registry.npmjs.org/postcss/-/postcss-8.4.14.tgz"
  "version" "8.4.14"
  dependencies:
    "nanoid" "^3.3.4"
    "picocolors" "^1.0.0"
    "source-map-js" "^1.0.2"

"preact@^10.0.0":
  "integrity" "sha512-fszkg1iJJjq68I4lI8ZsmBiaoQiQHbxf1lNq+72EmC/mZOsFF5zn3k1yv9QGoFgIXzgsdSKtYymLJsrJPoamjQ=="
  "resolved" "https://registry.npmjs.org/preact/-/preact-10.10.0.tgz"
  "version" "10.10.0"

"react-dom@>= 16.8.0 < 19.0.0":
  "integrity" "sha512-6IMTriUmvsjHUjNtEDudZfuDQUoWXVxKHhlEGSk81n4YFS+r/Kl99wXiwlVXtPBtJenozv2P+hxDsw9eA7Xo6g=="
  "resolved" "https://registry.npmjs.org/react-dom/-/react-dom-18.2.0.tgz"
  "version" "18.2.0"
  dependencies:
    "loose-envify" "^1.1.0"
    "scheduler" "^0.23.0"

"react@^18.2.0", "react@>= 16.8.0 < 19.0.0":
  "integrity" "sha512-/3IjMdb2L9QbBdWiW5e3P2/npwMBaU9mHCSCUzNln0ZCYbcfTsGbTJrU/kGemdH2IWmB2ioZ+zkxtmq6g09fGQ=="
  "resolved" "https://registry.npmjs.org/react/-/react-18.2.0.tgz"
  "version" "18.2.0"
  dependencies:
    "loose-envify" "^1.1.0"

"resolve@^1.22.0":
  "integrity" "sha512-nBpuuYuY5jFsli/JIs1oldw6fOQCBioohqWZg/2hiaOybXOft4lonv85uDOKXdf8rhyK159cxU5cDcK/NKk8zw=="
  "resolved" "https://registry.npmjs.org/resolve/-/resolve-1.22.1.tgz"
  "version" "1.22.1"
  dependencies:
    "is-core-module" "^2.9.0"
    "path-parse" "^1.0.7"
    "supports-preserve-symlinks-flag" "^1.0.0"

"rollup@^2.59.0":
  "integrity" "sha512-vL8xjY4yOQEw79DvyXLijhnhh+R/O9zpF/LEgkCebZFtb6ELeN9H3/2T0r8+mp+fFTBHZ5qGpOpW2ela2zRt3g=="
  "resolved" "https://registry.npmjs.org/rollup/-/rollup-2.77.0.tgz"
  "version" "2.77.0"
  optionalDependencies:
    "fsevents" "~2.3.2"

"scheduler@^0.23.0":
  "integrity" "sha512-CtuThmgHNg7zIZWAXi3AsyIzA3n4xx7aNyjwC2VJldO2LMVDhFK+63xGqq6CsJH4rTAt6/M+N4GhZiDYPx9eUw=="
  "resolved" "https://registry.npmjs.org/scheduler/-/scheduler-0.23.0.tgz"
  "version" "0.23.0"
  dependencies:
    "loose-envify" "^1.1.0"

"shiki@^0.10.1":
  "integrity" "sha512-VsY7QJVzU51j5o1+DguUd+6vmCmZ5v/6gYu4vyYAhzjuNQU6P/vmSy4uQaOhvje031qQMiW0d2BwgMH52vqMng=="
  "resolved" "https://registry.npmjs.org/shiki/-/shiki-0.10.1.tgz"
  "version" "0.10.1"
  dependencies:
    "jsonc-parser" "^3.0.0"
    "vscode-oniguruma" "^1.6.1"
    "vscode-textmate" "5.2.0"

"source-map-js@^1.0.2":
  "integrity" "sha512-R0XvVJ9WusLiqTCEiGCmICCMplcCkIwwR11mOSD9CR5u+IXYdiseeEuXCVAjS54zqwkLcPNnmU4OeJ6tUrWhDw=="
  "resolved" "https://registry.npmjs.org/source-map-js/-/source-map-js-1.0.2.tgz"
  "version" "1.0.2"

"source-map@^0.6.1":
  "integrity" "sha512-UjgapumWlbMhkBgzT7Ykc5YXUT46F0iKu8SGXq0bcwP5dz/h0Plj6enJqjz1Zbq2l5WaqYnrVbwWOWMyF3F47g=="
  "resolved" "https://registry.npmjs.org/source-map/-/source-map-0.6.1.tgz"
  "version" "0.6.1"

"sourcemap-codec@^1.4.8":
  "integrity" "sha512-9NykojV5Uih4lgo5So5dtw+f0JgJX30KCNI8gwhz2J9A15wD0Ml6tjHKwf6fTSa6fAdVBdZeNOs9eJ71qCk8vA=="
  "resolved" "https://registry.npmjs.org/sourcemap-codec/-/sourcemap-codec-1.4.8.tgz"
  "version" "1.4.8"

"supports-preserve-symlinks-flag@^1.0.0":
  "integrity" "sha512-ot0WnXS9fgdkgIcePe6RHNk1WA8+muPa6cSjeR3V8K27q9BB1rTE3R1p7Hv0z1ZyAc8s6Vvv8DIyWf681MAt0w=="
  "resolved" "https://registry.npmjs.org/supports-preserve-symlinks-flag/-/supports-preserve-symlinks-flag-1.0.0.tgz"
  "version" "1.0.0"

"vite@^2.5.10", "vite@^2.9.7":
  "integrity" "sha512-P/UCjSpSMcE54r4mPak55hWAZPlyfS369svib/gpmz8/01L822lMPOJ/RYW6tLCe1RPvMvOsJ17erf55bKp4Hw=="
  "resolved" "https://registry.npmjs.org/vite/-/vite-2.9.14.tgz"
  "version" "2.9.14"
  dependencies:
    "esbuild" "^0.14.27"
    "postcss" "^8.4.13"
    "resolve" "^1.22.0"
    "rollup" "^2.59.0"
  optionalDependencies:
    "fsevents" "~2.3.2"

"vitepress@^1.0.0-alpha.4":
  "integrity" "sha512-bOAA4KW6vYGlkbcrPLZLTKWTgXVroObU+o9xj9EENyEl6yg26WWvfN7DGA4BftjdM5O8nR93Z5khPQ3W/tFE7Q=="
  "resolved" "https://registry.npmjs.org/vitepress/-/vitepress-1.0.0-alpha.4.tgz"
  "version" "1.0.0-alpha.4"
  dependencies:
    "@docsearch/css" "^3.0.0"
    "@docsearch/js" "^3.0.0"
    "@vitejs/plugin-vue" "^2.3.2"
    "@vue/devtools-api" "^6.1.4"
    "@vueuse/core" "^8.5.0"
    "body-scroll-lock" "^4.0.0-beta.0"
    "shiki" "^0.10.1"
    "vite" "^2.9.7"
    "vue" "^3.2.33"

"vscode-oniguruma@^1.6.1":
  "integrity" "sha512-KH8+KKov5eS/9WhofZR8M8dMHWN2gTxjMsG4jd04YhpbPR91fUj7rYQ2/XjeHCJWbg7X++ApRIU9NUwM2vTvLA=="
  "resolved" "https://registry.npmjs.org/vscode-oniguruma/-/vscode-oniguruma-1.6.2.tgz"
  "version" "1.6.2"

"vscode-textmate@5.2.0":
  "integrity" "sha512-Uw5ooOQxRASHgu6C7GVvUxisKXfSgW4oFlO+aa+PAkgmH89O3CXxEEzNRNtHSqtXFTl0nAC1uYj0GMSH27uwtQ=="
  "resolved" "https://registry.npmjs.org/vscode-textmate/-/vscode-textmate-5.2.0.tgz"
  "version" "5.2.0"

"vue-demi@*":
  "integrity" "sha512-tO3K2bML3AwiHmVHeKCq6HLef2st4zBXIV5aEkoJl6HZ+gJWxWv2O8wLH8qrA3SX3lDoTDHNghLX1xZg83MXvw=="
  "resolved" "https://registry.npmjs.org/vue-demi/-/vue-demi-0.13.5.tgz"
  "version" "0.13.5"

"vue@^2.6.0 || ^3.2.0", "vue@^3.0.0-0 || ^2.6.0", "vue@^3.2.25", "vue@^3.2.33", "vue@^3.2.37", "vue@3.2.37":
  "integrity" "sha512-bOKEZxrm8Eh+fveCqS1/NkG/n6aMidsI6hahas7pa0w/l7jkbssJVsRhVDs07IdDq7h9KHswZOgItnwJAgtVtQ=="
  "resolved" "https://registry.npmjs.org/vue/-/vue-3.2.37.tgz"
  "version" "3.2.37"
  dependencies:
    "@vue/compiler-dom" "3.2.37"
    "@vue/compiler-sfc" "3.2.37"
    "@vue/runtime-dom" "3.2.37"
    "@vue/server-renderer" "3.2.37"
    "@vue/shared" "3.2.37"
