# THIS IS AN AUTOGENERATED FILE. DO NOT EDIT THIS FILE DIRECTLY.
# yarn lockfile v1


"@algolia/autocomplete-core@1.7.4":
  version "1.7.4"
  resolved "https://registry.yarnpkg.com/@algolia/autocomplete-core/-/autocomplete-core-1.7.4.tgz#85ff36b2673654a393c8c505345eaedd6eaa4f70"
  integrity sha512-daoLpQ3ps/VTMRZDEBfU8ixXd+amZcNJ4QSP3IERGyzqnL5Ch8uSRFt/4G8pUvW9c3o6GA4vtVv4I4lmnkdXyg==
  dependencies:
    "@algolia/autocomplete-shared" "1.7.4"

"@algolia/autocomplete-preset-algolia@1.7.4":
  version "1.7.4"
  resolved "https://registry.yarnpkg.com/@algolia/autocomplete-preset-algolia/-/autocomplete-preset-algolia-1.7.4.tgz#610ee1d887962f230b987cba2fd6556478000bc3"
  integrity sha512-s37hrvLEIfcmKY8VU9LsAXgm2yfmkdHT3DnA3SgHaY93yjZ2qL57wzb5QweVkYuEBZkT2PIREvRoLXC2sxTbpQ==
  dependencies:
    "@algolia/autocomplete-shared" "1.7.4"

"@algolia/autocomplete-shared@1.7.4":
  version "1.7.4"
  resolved "https://registry.yarnpkg.com/@algolia/autocomplete-shared/-/autocomplete-shared-1.7.4.tgz#78aea1140a50c4d193e1f06a13b7f12c5e2cbeea"
  integrity sha512-2VGCk7I9tA9Ge73Km99+Qg87w0wzW4tgUruvWAn/gfey1ZXgmxZtyIRBebk35R1O8TbK77wujVtCnpsGpRy1kg==

"@algolia/cache-browser-local-storage@4.14.0":
  version "4.14.0"
  resolved "https://registry.npmjs.org/@algolia/cache-browser-local-storage/-/cache-browser-local-storage-4.14.0.tgz"
  integrity sha512-vSX0uPTgTuWdKOv0DbjFBl5AGlWDzYADtv5ChLBBKHTBhAKp4f9b38zDB0v89pCbcoAGZjtb6UTM+pUEVSTuSw==
  dependencies:
    "@algolia/cache-common" "4.14.0"

"@algolia/cache-common@4.14.0":
  version "4.14.0"
  resolved "https://registry.npmjs.org/@algolia/cache-common/-/cache-common-4.14.0.tgz"
  integrity sha512-9bCWX78td6DEtyVIJc2R8MokniFFgbS5r9ADVvBuBeDtVuNhOwDO/MYZ2WlAQJTwos9TtS9v0iJ9Ym0rDHMldA==

"@algolia/cache-in-memory@4.14.0":
  version "4.14.0"
  resolved "https://registry.npmjs.org/@algolia/cache-in-memory/-/cache-in-memory-4.14.0.tgz"
  integrity sha512-kIH9JjebSsZVxnTjaWarunFkWaHnMZ5vG98KwvQj++I4PCMgk7z/GBm9bMNgPUsDPqHxQ0p9HO/j8YgN6VYxgQ==
  dependencies:
    "@algolia/cache-common" "4.14.0"

"@algolia/client-account@4.14.0":
  version "4.14.0"
  resolved "https://registry.npmjs.org/@algolia/client-account/-/client-account-4.14.0.tgz"
  integrity sha512-b0rAB3D2rf5qOeBZbUNcixl9EmiVPz6QgEvP2TC3Ed85+8xdVhtbyLD5EzTHQr2BPXvklo5NK1K5Q3UOZ9ojJQ==
  dependencies:
    "@algolia/client-common" "4.14.0"
    "@algolia/client-search" "4.14.0"
    "@algolia/transporter" "4.14.0"

"@algolia/client-analytics@4.14.0":
  version "4.14.0"
  resolved "https://registry.npmjs.org/@algolia/client-analytics/-/client-analytics-4.14.0.tgz"
  integrity sha512-HcuAbUP2D2SZiV8pvBd6ZoJNJ1Zu5bvUctCknGS7QVQv4xfeDHFcQulwEPftKBhIoJmVZPsQznpeLf+PTGTA+w==
  dependencies:
    "@algolia/client-common" "4.14.0"
    "@algolia/client-search" "4.14.0"
    "@algolia/requester-common" "4.14.0"
    "@algolia/transporter" "4.14.0"

"@algolia/client-common@4.14.0":
  version "4.14.0"
  resolved "https://registry.npmjs.org/@algolia/client-common/-/client-common-4.14.0.tgz"
  integrity sha512-7pmtPOicY6QEBQEYinChkVVi0SnDGcgJn1P0GkWxIMD23ZQk7o0/eMAQYqkGR3TET6YB/bZDeDrpL5v4DKN3tg==
  dependencies:
    "@algolia/requester-common" "4.14.0"
    "@algolia/transporter" "4.14.0"

"@algolia/client-personalization@4.14.0":
  version "4.14.0"
  resolved "https://registry.npmjs.org/@algolia/client-personalization/-/client-personalization-4.14.0.tgz"
  integrity sha512-O/vADaSZYAzL0o8L+2QeTZr1O3VXu8DjBUXnEWWgn96v6zqTH0aoQsQ7gvYEsGNvTGiZZwNJNruzMaBNG0GNUA==
  dependencies:
    "@algolia/client-common" "4.14.0"
    "@algolia/requester-common" "4.14.0"
    "@algolia/transporter" "4.14.0"

"@algolia/client-search@4.14.0":
  version "4.14.0"
  resolved "https://registry.npmjs.org/@algolia/client-search/-/client-search-4.14.0.tgz"
  integrity sha512-gFxteVMUzEMq6lDEex/gZKNudrFmOFLuWS9SQCU+sXeTCRw32aY5/RBDigOkD6Yp6nLkfnYWvPnDshwY6WgTbw==
  dependencies:
    "@algolia/client-common" "4.14.0"
    "@algolia/requester-common" "4.14.0"
    "@algolia/transporter" "4.14.0"

"@algolia/logger-common@4.14.0":
  version "4.14.0"
  resolved "https://registry.npmjs.org/@algolia/logger-common/-/logger-common-4.14.0.tgz"
  integrity sha512-1Fw+5Nd4d7NWNA9FhOIIXzESJn+j5VTO/f3YK+XhoOlbAwfMbD32InWEjNglrcHnSO8kpqrizFXveKTx1CzoKw==

"@algolia/logger-console@4.14.0":
  version "4.14.0"
  resolved "https://registry.npmjs.org/@algolia/logger-console/-/logger-console-4.14.0.tgz"
  integrity sha512-nBJwg1TVdzAZCIA5tIFYKA+QqYGD9iRhO8yEdm68VcOeckyNTQuvJtAkWyvzr2qNL6GD+bN8nUQ8Cf5HFy/wZg==
  dependencies:
    "@algolia/logger-common" "4.14.0"

"@algolia/requester-browser-xhr@4.14.0":
  version "4.14.0"
  resolved "https://registry.npmjs.org/@algolia/requester-browser-xhr/-/requester-browser-xhr-4.14.0.tgz"
  integrity sha512-J4ND/l0/wOyztyOA3F4kFNIj/QDTeiS45m3hqSCVXpIJn/iq1ZP8zYW5q0/2sEMehO8TawVJiHnXYV0kO0Dk0Q==
  dependencies:
    "@algolia/requester-common" "4.14.0"

"@algolia/requester-common@4.14.0":
  version "4.14.0"
  resolved "https://registry.npmjs.org/@algolia/requester-common/-/requester-common-4.14.0.tgz"
  integrity sha512-8DGIW5keIbAFet2TKGr/C9DVJ1r8IWFjgf4URPHn6NHMf6R+ruQp0gOf7xBP1Bw6JIS3/DbvlGqbw8sNO/N+Hw==

"@algolia/requester-node-http@4.14.0":
  version "4.14.0"
  resolved "https://registry.npmjs.org/@algolia/requester-node-http/-/requester-node-http-4.14.0.tgz"
  integrity sha512-DP0k1H9c6+lR4G/jKG4kez3QW1ksUDSSSSy3I8nhPZErIGgd0IqCTXDt1GwykDEkvYj/l4sA3x8pJtDMW3JSzw==
  dependencies:
    "@algolia/requester-common" "4.14.0"

"@algolia/transporter@4.14.0":
  version "4.14.0"
  resolved "https://registry.npmjs.org/@algolia/transporter/-/transporter-4.14.0.tgz"
  integrity sha512-AP+8Qxeg0XvQ3rFbj4pIUzDMmtjo5pgBMx/57ADbge5Y4Y9ByDdQNjEKk6QFIe70SAwR/cGzglwYg7nl8mK/OA==
  dependencies:
    "@algolia/cache-common" "4.14.0"
    "@algolia/logger-common" "4.14.0"
    "@algolia/requester-common" "4.14.0"

"@babel/parser@^7.16.4":
  version "7.18.9"
  resolved "https://registry.npmjs.org/@babel/parser/-/parser-7.18.9.tgz"
  integrity sha512-9uJveS9eY9DJ0t64YbIBZICtJy8a5QrDEVdiLCG97fVLpDTpGX7t8mMSb6OWw6Lrnjqj4O8zwjELX3dhoMgiBg==

"@docsearch/css@3.3.2", "@docsearch/css@^3.3.2":
  version "3.3.2"
  resolved "https://registry.yarnpkg.com/@docsearch/css/-/css-3.3.2.tgz#2c49995e6fbc7834c75f317b277ed6e4019223a4"
  integrity sha512-dctFYiwbvDZkksMlsmc7pj6W6By/EjnVXJq5TEPd05MwQe+dcdHJgaIn1c8wfsucxHpIsdrUcgSkACHCq6aIhw==

"@docsearch/js@^3.3.2":
  version "3.3.2"
  resolved "https://registry.yarnpkg.com/@docsearch/js/-/js-3.3.2.tgz#fd7d5dfdd79abfe2bc8011b119215e0b08e33138"
  integrity sha512-k2yiB9attFvKoiYswrRtKhIO+qHuzAj1FHYfFWrKz3wSzB2G6s/7EZL9Rf6iytUo1Ok00LUj2C6mWoOnsUTkxg==
  dependencies:
    "@docsearch/react" "3.3.2"
    preact "^10.0.0"

"@docsearch/react@3.3.2":
  version "3.3.2"
  resolved "https://registry.yarnpkg.com/@docsearch/react/-/react-3.3.2.tgz#252b659c66682f24902bf6db257f63ee73ffe8fa"
  integrity sha512-ugILab2TYKSh6IEHf6Z9xZbOovsYbsdfo60PBj+Bw+oMJ1MHJ7pBt1TTcmPki1hSgg8mysgKy2hDiVdPm7XWSQ==
  dependencies:
    "@algolia/autocomplete-core" "1.7.4"
    "@algolia/autocomplete-preset-algolia" "1.7.4"
    "@docsearch/css" "3.3.2"
    algoliasearch "^4.0.0"

"@esbuild/android-arm64@0.16.6":
  version "0.16.6"
  resolved "https://registry.yarnpkg.com/@esbuild/android-arm64/-/android-arm64-0.16.6.tgz#670061e921b2ef56adfa04ed66013e892136ec58"
  integrity sha512-5mSVUNQoEpnvWBgMnEKlHGjrK/3kqRoj+YkErK+RbKMlxCGzzkqh+vSGY0pq+RCobAXs0BlBQMQ+8ZutAkyStw==

"@esbuild/android-arm@0.16.6":
  version "0.16.6"
  resolved "https://registry.yarnpkg.com/@esbuild/android-arm/-/android-arm-0.16.6.tgz#450a79c5b04f955106515b0d24d0a428f3b7b468"
  integrity sha512-wc1AyHlFS8eejfAdePn2wr8/5zEa+FvF3ipBeTo4Qm9Xl0A0miTUfphwzXa3xdxU2pHimRCzIAUhjlbSSts8JQ==

"@esbuild/android-x64@0.16.6":
  version "0.16.6"
  resolved "https://registry.yarnpkg.com/@esbuild/android-x64/-/android-x64-0.16.6.tgz#d62788083113d54456c79d8aefb4a8f922ff9100"
  integrity sha512-zqbsOaB908GEO4JyVlkV5a9jjHVk35eR6dd3VvOdbu0u0BufaCblFjslbUP8ARGoLS77TWRe1mBpbcySkyybKQ==

"@esbuild/darwin-arm64@0.16.6":
  version "0.16.6"
  resolved "https://registry.yarnpkg.com/@esbuild/darwin-arm64/-/darwin-arm64-0.16.6.tgz#2d1c78ce0752236fa088fc3cc4e33a4fd3d26c84"
  integrity sha512-uc46Du5AiooWidDIkXeU3HWIuLTzVbYp95slpd9SdDH7FjXWgiiEo7DXzoUoPxGwkUfPgQvvgFKx3TqsYvy68w==

"@esbuild/darwin-x64@0.16.6":
  version "0.16.6"
  resolved "https://registry.yarnpkg.com/@esbuild/darwin-x64/-/darwin-x64-0.16.6.tgz#873b80540e5e8f0d1b87e2a48e7bfaecc097bfc0"
  integrity sha512-ND/o8hoEpXxIOqhRbt73tyvnu3WWA8MeuMAVww0crdubpzzEevH0S8r6uRjrHn1H4etRSmWwTbM3rHul68BJOA==

"@esbuild/freebsd-arm64@0.16.6":
  version "0.16.6"
  resolved "https://registry.yarnpkg.com/@esbuild/freebsd-arm64/-/freebsd-arm64-0.16.6.tgz#3d432d5e9fa17955f1e8b23255a00207f22891c0"
  integrity sha512-mMHz7ePkfVXW5wEhRR0XtoTlXDa5F1hIoxnfoeY+G0wWs4Q3HZgHZrXw3PSO26JnZOxIgyV/OuWIP87nQoWegQ==

"@esbuild/freebsd-x64@0.16.6":
  version "0.16.6"
  resolved "https://registry.yarnpkg.com/@esbuild/freebsd-x64/-/freebsd-x64-0.16.6.tgz#7e892ec08c9a11863e86feff169452f3cde967af"
  integrity sha512-/BneBfb5v+VAqjDLt8Q/5llb7smIEJVPd1afNJDShRfj2qr5nIwh1FJaOjoEWe6I1sucdKJ/EbwOujH+iBkW/g==

"@esbuild/linux-arm64@0.16.6":
  version "0.16.6"
  resolved "https://registry.yarnpkg.com/@esbuild/linux-arm64/-/linux-arm64-0.16.6.tgz#d1e2b0099cb19dce96ef9e4d4b94bc861c9b39cc"
  integrity sha512-1h2EyMOB9X2VfFzBv4/Xo+OcGj3fmZEwvGxOdDRPxSP8ZVQiqc4XesCVur85VjP0MLPC+y7PioDc/uWpwFadFw==

"@esbuild/linux-arm@0.16.6":
  version "0.16.6"
  resolved "https://registry.yarnpkg.com/@esbuild/linux-arm/-/linux-arm-0.16.6.tgz#ecb1543b12c27f7e4c7ad67d5e13d9a08d034e55"
  integrity sha512-hdw0JS24ToFAnWJJbexr62ZRTcl/yJSPeNZR4fAAJY4PcghgQcnp8lO5MdxBe2QCNz3i5WYCoGZcU4+TBJJMDg==

"@esbuild/linux-ia32@0.16.6":
  version "0.16.6"
  resolved "https://registry.yarnpkg.com/@esbuild/linux-ia32/-/linux-ia32-0.16.6.tgz#916c13e4076d03cabbbfaa6735e6c195fe332932"
  integrity sha512-MyBWPjAMAlnkYANHCjeun2QsOn5cY1RxXAqnG0hE+fEmeX/hJK9pj6wQ5QptAew7sKt9flcOLKEB/hn2mr/xUw==

"@esbuild/linux-loong64@0.16.6":
  version "0.16.6"
  resolved "https://registry.yarnpkg.com/@esbuild/linux-loong64/-/linux-loong64-0.16.6.tgz#d337a6cfb132288ac59e1f028be9b16cf4c7d339"
  integrity sha512-wJAE0pZrY47xWRIYkBrOYRKWJ9vE1XBC7PtuGy4/Ii0Au2VRc52A/VxIHwRI0NyQMNRkjOD5PpS/ruhnNx7JNA==

"@esbuild/linux-mips64el@0.16.6":
  version "0.16.6"
  resolved "https://registry.yarnpkg.com/@esbuild/linux-mips64el/-/linux-mips64el-0.16.6.tgz#cfcb7bcae8fbc91d07c93f3c2e26779ddaa7c738"
  integrity sha512-/eR74aTs0dWrg/Y9m0H2iE6rIigkwxsaJlzlSoz6N5JspyARRXutAITveg1wGek4W5LkistZBjEeeyCnC3FT9Q==

"@esbuild/linux-ppc64@0.16.6":
  version "0.16.6"
  resolved "https://registry.yarnpkg.com/@esbuild/linux-ppc64/-/linux-ppc64-0.16.6.tgz#aa2b0fc6ab0dea618f23d13946032d327da7806e"
  integrity sha512-zwIKMrYQzh59ftwiuXREcXwyjvsRNLELOgdIE17CwTnc5Xxj2IR9Gi8NvQcMTquFoGaHOh8O7F2zJ3vU5LQEhA==

"@esbuild/linux-riscv64@0.16.6":
  version "0.16.6"
  resolved "https://registry.yarnpkg.com/@esbuild/linux-riscv64/-/linux-riscv64-0.16.6.tgz#ade24a148fc7ded3a8a042f97a6441beba4f4f96"
  integrity sha512-uqCmZ9GnYcD9Od9fiDYH4TLahw14S6ZgCVrIb1bBBwbAy4pEOPwB73vBX3mnG3ClHv7b5xsOYhCBZkfkoJEgMA==

"@esbuild/linux-s390x@0.16.6":
  version "0.16.6"
  resolved "https://registry.yarnpkg.com/@esbuild/linux-s390x/-/linux-s390x-0.16.6.tgz#b3c051e15f6fd3f9af801aa2cfe2cad0e069e4ea"
  integrity sha512-zt1vo5Zzu1Y+0K64wYIQR1pMVNYDbwDetrWy/4XyD4c+tnZfxGZwzZOmb65LSto8hxAYq5UG6DpHSNJ4zy5F1w==

"@esbuild/linux-x64@0.16.6":
  version "0.16.6"
  resolved "https://registry.yarnpkg.com/@esbuild/linux-x64/-/linux-x64-0.16.6.tgz#49368780003c0f32fc79738d20404e39429fdc48"
  integrity sha512-g2aCp+XjWGbHq57ZUfyWNOMVDKr0flizfOa6BkP9Ezn2BLZ+gibxF+6M6272vfvALFYsbCUY+AyoNxuCVcaKFg==

"@esbuild/netbsd-x64@0.16.6":
  version "0.16.6"
  resolved "https://registry.yarnpkg.com/@esbuild/netbsd-x64/-/netbsd-x64-0.16.6.tgz#2227e9483c5a861bbecd740e525cd9b17dc01c61"
  integrity sha512-q5tKkYilkgNLtp6szs/yXAHJJ4OEjoTRlHHPJtVyDj6AZsdDynrkoFUV98D+CncB9Im5CIRnPmJErb6EDvIR0Q==

"@esbuild/openbsd-x64@0.16.6":
  version "0.16.6"
  resolved "https://registry.yarnpkg.com/@esbuild/openbsd-x64/-/openbsd-x64-0.16.6.tgz#6c6d15c9f5797ce5f9c7bd105b867b8fbdc964b7"
  integrity sha512-dR+DrQ2Dsfia71xKgdUPnf6lc3y4O8qNE4nmhEJHrR7teS0yScspommz28MaIe/8c5IubqPuOY2SYQFSExG55w==

"@esbuild/sunos-x64@0.16.6":
  version "0.16.6"
  resolved "https://registry.yarnpkg.com/@esbuild/sunos-x64/-/sunos-x64-0.16.6.tgz#3ac4275f948653a56d52eca7483f8d683bdd14ca"
  integrity sha512-u0hH+njKsZCz7SHRIIkqnOCWITFL+uLaXB7ro3SSztWcx7iB//Lpg/2lkPZ7sZ1lVpO0nmaHWApZIbvMTCwz1Q==

"@esbuild/win32-arm64@0.16.6":
  version "0.16.6"
  resolved "https://registry.yarnpkg.com/@esbuild/win32-arm64/-/win32-arm64-0.16.6.tgz#8d913e77797c00e05922d46b6f74011bb0655bfd"
  integrity sha512-d+hveGvPLoGQHOKVDWfWSLUFnPtdpzWdtmz3PFq4t/iLg1MMTnPy48TrgC/JFTwcxDgKJdFw6ogTXjYN1tVALw==

"@esbuild/win32-ia32@0.16.6":
  version "0.16.6"
  resolved "https://registry.yarnpkg.com/@esbuild/win32-ia32/-/win32-ia32-0.16.6.tgz#573b4aa7389d1dc87ab1877a8ee19e2e13ad51b0"
  integrity sha512-/e2x2+Gq7afiU9xxw5J0r0DCsfsWY+hmjLNzXh6O/9Kf2kFxyCLKsPyTJmj0jQ0icz5aGlxtueH2Hnm5Rczt/Q==

"@esbuild/win32-x64@0.16.6":
  version "0.16.6"
  resolved "https://registry.yarnpkg.com/@esbuild/win32-x64/-/win32-x64-0.16.6.tgz#26094ac38600cdac049cb320018bc34da9af22c2"
  integrity sha512-BlXuMzOWhAcdLRzE/PQLAAyhItzvL1fRMvbmHV6k09Xiq8rZzFJB/CrfX3ZQI0nKBlfxO4sLN9H9WwK2nLo7Pg==

"@types/web-bluetooth@^0.0.16":
  version "0.0.16"
  resolved "https://registry.yarnpkg.com/@types/web-bluetooth/-/web-bluetooth-0.0.16.tgz#1d12873a8e49567371f2a75fe3e7f7edca6662d8"
  integrity sha512-oh8q2Zc32S6gd/j50GowEjKLoOVOwHP/bWVjKJInBwQqdOYMdPrf1oVlelTlyfFK3CKxL1uahMDAr+vy8T7yMQ==

"@vitejs/plugin-vue@^4.0.0":
  version "4.0.0"
  resolved "https://registry.yarnpkg.com/@vitejs/plugin-vue/-/plugin-vue-4.0.0.tgz#93815beffd23db46288c787352a8ea31a0c03e5e"
  integrity sha512-e0X4jErIxAB5oLtDqbHvHpJe/uWNkdpYV83AOG2xo2tEVSzCzewgJMtREZM30wXnM5ls90hxiOtAuVU6H5JgbA==

"@vue/compiler-core@3.2.45":
  version "3.2.45"
  resolved "https://registry.yarnpkg.com/@vue/compiler-core/-/compiler-core-3.2.45.tgz#d9311207d96f6ebd5f4660be129fb99f01ddb41b"
  integrity sha512-rcMj7H+PYe5wBV3iYeUgbCglC+pbpN8hBLTJvRiK2eKQiWqu+fG9F+8sW99JdL4LQi7Re178UOxn09puSXvn4A==
  dependencies:
    "@babel/parser" "^7.16.4"
    "@vue/shared" "3.2.45"
    estree-walker "^2.0.2"
    source-map "^0.6.1"

"@vue/compiler-dom@3.2.45":
  version "3.2.45"
  resolved "https://registry.yarnpkg.com/@vue/compiler-dom/-/compiler-dom-3.2.45.tgz#c43cc15e50da62ecc16a42f2622d25dc5fd97dce"
  integrity sha512-tyYeUEuKqqZO137WrZkpwfPCdiiIeXYCcJ8L4gWz9vqaxzIQRccTSwSWZ/Axx5YR2z+LvpUbmPNXxuBU45lyRw==
  dependencies:
    "@vue/compiler-core" "3.2.45"
    "@vue/shared" "3.2.45"

"@vue/compiler-sfc@3.2.45":
  version "3.2.45"
  resolved "https://registry.yarnpkg.com/@vue/compiler-sfc/-/compiler-sfc-3.2.45.tgz#7f7989cc04ec9e7c55acd406827a2c4e96872c70"
  integrity sha512-1jXDuWah1ggsnSAOGsec8cFjT/K6TMZ0sPL3o3d84Ft2AYZi2jWJgRMjw4iaK0rBfA89L5gw427H4n1RZQBu6Q==
  dependencies:
    "@babel/parser" "^7.16.4"
    "@vue/compiler-core" "3.2.45"
    "@vue/compiler-dom" "3.2.45"
    "@vue/compiler-ssr" "3.2.45"
    "@vue/reactivity-transform" "3.2.45"
    "@vue/shared" "3.2.45"
    estree-walker "^2.0.2"
    magic-string "^0.25.7"
    postcss "^8.1.10"
    source-map "^0.6.1"

"@vue/compiler-ssr@3.2.45":
  version "3.2.45"
  resolved "https://registry.yarnpkg.com/@vue/compiler-ssr/-/compiler-ssr-3.2.45.tgz#bd20604b6e64ea15344d5b6278c4141191c983b2"
  integrity sha512-6BRaggEGqhWht3lt24CrIbQSRD5O07MTmd+LjAn5fJj568+R9eUD2F7wMQJjX859seSlrYog7sUtrZSd7feqrQ==
  dependencies:
    "@vue/compiler-dom" "3.2.45"
    "@vue/shared" "3.2.45"

"@vue/devtools-api@^6.5.0":
  version "6.5.0"
  resolved "https://registry.yarnpkg.com/@vue/devtools-api/-/devtools-api-6.5.0.tgz#98b99425edee70b4c992692628fa1ea2c1e57d07"
  integrity sha512-o9KfBeaBmCKl10usN4crU53fYtC1r7jJwdGKjPT24t348rHxgfpZ0xL3Xm/gLUYnc0oTp8LAmrxOeLyu6tbk2Q==

"@vue/reactivity-transform@3.2.45":
  version "3.2.45"
  resolved "https://registry.yarnpkg.com/@vue/reactivity-transform/-/reactivity-transform-3.2.45.tgz#07ac83b8138550c83dfb50db43cde1e0e5e8124d"
  integrity sha512-BHVmzYAvM7vcU5WmuYqXpwaBHjsS8T63jlKGWVtHxAHIoMIlmaMyurUSEs1Zcg46M4AYT5MtB1U274/2aNzjJQ==
  dependencies:
    "@babel/parser" "^7.16.4"
    "@vue/compiler-core" "3.2.45"
    "@vue/shared" "3.2.45"
    estree-walker "^2.0.2"
    magic-string "^0.25.7"

"@vue/reactivity@3.2.45":
  version "3.2.45"
  resolved "https://registry.yarnpkg.com/@vue/reactivity/-/reactivity-3.2.45.tgz#412a45b574de601be5a4a5d9a8cbd4dee4662ff0"
  integrity sha512-PRvhCcQcyEVohW0P8iQ7HDcIOXRjZfAsOds3N99X/Dzewy8TVhTCT4uXpAHfoKjVTJRA0O0K+6QNkDIZAxNi3A==
  dependencies:
    "@vue/shared" "3.2.45"

"@vue/runtime-core@3.2.45":
  version "3.2.45"
  resolved "https://registry.yarnpkg.com/@vue/runtime-core/-/runtime-core-3.2.45.tgz#7ad7ef9b2519d41062a30c6fa001ec43ac549c7f"
  integrity sha512-gzJiTA3f74cgARptqzYswmoQx0fIA+gGYBfokYVhF8YSXjWTUA2SngRzZRku2HbGbjzB6LBYSbKGIaK8IW+s0A==
  dependencies:
    "@vue/reactivity" "3.2.45"
    "@vue/shared" "3.2.45"

"@vue/runtime-dom@3.2.45":
  version "3.2.45"
  resolved "https://registry.yarnpkg.com/@vue/runtime-dom/-/runtime-dom-3.2.45.tgz#1a2ef6ee2ad876206fbbe2a884554bba2d0faf59"
  integrity sha512-cy88YpfP5Ue2bDBbj75Cb4bIEZUMM/mAkDMfqDTpUYVgTf/kuQ2VQ8LebuZ8k6EudgH8pYhsGWHlY0lcxlvTwA==
  dependencies:
    "@vue/runtime-core" "3.2.45"
    "@vue/shared" "3.2.45"
    csstype "^2.6.8"

"@vue/server-renderer@3.2.45":
  version "3.2.45"
  resolved "https://registry.yarnpkg.com/@vue/server-renderer/-/server-renderer-3.2.45.tgz#ca9306a0c12b0530a1a250e44f4a0abac6b81f3f"
  integrity sha512-ebiMq7q24WBU1D6uhPK//2OTR1iRIyxjF5iVq/1a5I1SDMDyDu4Ts6fJaMnjrvD3MqnaiFkKQj+LKAgz5WIK3g==
  dependencies:
    "@vue/compiler-ssr" "3.2.45"
    "@vue/shared" "3.2.45"

"@vue/shared@3.2.45":
  version "3.2.45"
  resolved "https://registry.yarnpkg.com/@vue/shared/-/shared-3.2.45.tgz#a3fffa7489eafff38d984e23d0236e230c818bc2"
  integrity sha512-Ewzq5Yhimg7pSztDV+RH1UDKBzmtqieXQlpTVm2AwraoRL/Rks96mvd8Vgi7Lj+h+TH8dv7mXD3FRZR3TUvbSg==

"@vueuse/core@^9.11.1":
  version "9.12.0"
  resolved "https://registry.yarnpkg.com/@vueuse/core/-/core-9.12.0.tgz#e5b20f901e081c7ae5fe0e5f3af217929034eefe"
  integrity sha512-h/Di8Bvf6xRcvS/PvUVheiMYYz3U0tH3X25YxONSaAUBa841ayMwxkuzx/DGUMCW/wHWzD8tRy2zYmOC36r4sg==
  dependencies:
    "@types/web-bluetooth" "^0.0.16"
    "@vueuse/metadata" "9.12.0"
    "@vueuse/shared" "9.12.0"
    vue-demi "*"

"@vueuse/metadata@9.12.0":
  version "9.12.0"
  resolved "https://registry.yarnpkg.com/@vueuse/metadata/-/metadata-9.12.0.tgz#19a0fefcba6a66a2382af10a7a67ebad6eec1f27"
  integrity sha512-9oJ9MM9lFLlmvxXUqsR1wLt1uF7EVbP5iYaHJYqk+G2PbMjY6EXvZeTjbdO89HgoF5cI6z49o2zT/jD9SVoNpQ==

"@vueuse/shared@9.12.0":
  version "9.12.0"
  resolved "https://registry.yarnpkg.com/@vueuse/shared/-/shared-9.12.0.tgz#e6597da80084cba8fc3d6545f4c2fa9817b80428"
  integrity sha512-TWuJLACQ0BVithVTRbex4Wf1a1VaRuSpVeyEd4vMUWl54PzlE0ciFUshKCXnlLuD0lxIaLK4Ypj3NXYzZh4+SQ==
  dependencies:
    vue-demi "*"

algoliasearch@^4.0.0:
  version "4.14.0"
  resolved "https://registry.npmjs.org/algoliasearch/-/algoliasearch-4.14.0.tgz"
  integrity sha512-r1rt5UQnrmqwjloi4tZzggUC7oWjNR/gfk+fjx0x4oP2UeDW5c8/XCovVFs9nwJ4n2xNKlxELyMAedcuLrBdng==
  dependencies:
    "@algolia/cache-browser-local-storage" "4.14.0"
    "@algolia/cache-common" "4.14.0"
    "@algolia/cache-in-memory" "4.14.0"
    "@algolia/client-account" "4.14.0"
    "@algolia/client-analytics" "4.14.0"
    "@algolia/client-common" "4.14.0"
    "@algolia/client-personalization" "4.14.0"
    "@algolia/client-search" "4.14.0"
    "@algolia/logger-common" "4.14.0"
    "@algolia/logger-console" "4.14.0"
    "@algolia/requester-browser-xhr" "4.14.0"
    "@algolia/requester-common" "4.14.0"
    "@algolia/requester-node-http" "4.14.0"
    "@algolia/transporter" "4.14.0"

body-scroll-lock@4.0.0-beta.0:
  version "4.0.0-beta.0"
  resolved "https://registry.yarnpkg.com/body-scroll-lock/-/body-scroll-lock-4.0.0-beta.0.tgz#4f78789d10e6388115c0460cd6d7d4dd2bbc4f7e"
  integrity sha512-a7tP5+0Mw3YlUJcGAKUqIBkYYGlYxk2fnCasq/FUph1hadxlTRjF+gAcZksxANnaMnALjxEddmSi/H3OR8ugcQ==

csstype@^2.6.8:
  version "2.6.20"
  resolved "https://registry.npmjs.org/csstype/-/csstype-2.6.20.tgz"
  integrity sha512-/WwNkdXfckNgw6S5R125rrW8ez139lBHWouiBvX8dfMFtcn6V81REDqnH7+CRpRipfYlyU1CmOnOxrmGcFOjeA==

esbuild@^0.16.3:
  version "0.16.6"
  resolved "https://registry.yarnpkg.com/esbuild/-/esbuild-0.16.6.tgz#6f8aa19d2d41871f420a701e6df309337f6cb953"
  integrity sha512-0Fn9lUX1yy2iP56L0BDAgnQFJfkDICdYZ0Xm6Kgdwa72AkHoKX0egau/ZIROYdjJWPLJtl9bDuW7Xs56TuKPhQ==
  optionalDependencies:
    "@esbuild/android-arm" "0.16.6"
    "@esbuild/android-arm64" "0.16.6"
    "@esbuild/android-x64" "0.16.6"
    "@esbuild/darwin-arm64" "0.16.6"
    "@esbuild/darwin-x64" "0.16.6"
    "@esbuild/freebsd-arm64" "0.16.6"
    "@esbuild/freebsd-x64" "0.16.6"
    "@esbuild/linux-arm" "0.16.6"
    "@esbuild/linux-arm64" "0.16.6"
    "@esbuild/linux-ia32" "0.16.6"
    "@esbuild/linux-loong64" "0.16.6"
    "@esbuild/linux-mips64el" "0.16.6"
    "@esbuild/linux-ppc64" "0.16.6"
    "@esbuild/linux-riscv64" "0.16.6"
    "@esbuild/linux-s390x" "0.16.6"
    "@esbuild/linux-x64" "0.16.6"
    "@esbuild/netbsd-x64" "0.16.6"
    "@esbuild/openbsd-x64" "0.16.6"
    "@esbuild/sunos-x64" "0.16.6"
    "@esbuild/win32-arm64" "0.16.6"
    "@esbuild/win32-ia32" "0.16.6"
    "@esbuild/win32-x64" "0.16.6"

estree-walker@^2.0.2:
  version "2.0.2"
  resolved "https://registry.npmjs.org/estree-walker/-/estree-walker-2.0.2.tgz"
  integrity sha512-Rfkk/Mp/DL7JVje3u18FxFujQlTNR2q6QfMSMB7AvCBx91NGj/ba3kCfza0f6dVDbw7YlRf/nDrn7pQrCCyQ/w==

fsevents@~2.3.2:
  version "2.3.2"
  resolved "https://registry.yarnpkg.com/fsevents/-/fsevents-2.3.2.tgz#8a526f78b8fdf4623b709e0b975c52c24c02fd1a"
  integrity sha512-xiqMQR4xAeHTuB9uWm+fFRcIOgKBMiOBP+eXiyT7jsgVCq1bkVygt00oASowB7EdtpOHaaPgKt812P9ab+DDKA==

function-bind@^1.1.1:
  version "1.1.1"
  resolved "https://registry.npmjs.org/function-bind/-/function-bind-1.1.1.tgz"
  integrity sha512-yIovAzMX49sF8Yl58fSCWJ5svSLuaibPxXQJFLmBObTuCr0Mf1KiPopGM9NiFjiYBCbfaa2Fh6breQ6ANVTI0A==

has@^1.0.3:
  version "1.0.3"
  resolved "https://registry.npmjs.org/has/-/has-1.0.3.tgz"
  integrity sha512-f2dvO0VU6Oej7RkWJGrehjbzMAjFp5/VKPp5tTpWIV4JHHZK1/BxbFRtf/siA2SWTe09caDmVtYYzWEIbBS4zw==
  dependencies:
    function-bind "^1.1.1"

is-core-module@^2.9.0:
  version "2.9.0"
  resolved "https://registry.npmjs.org/is-core-module/-/is-core-module-2.9.0.tgz"
  integrity sha512-+5FPy5PnwmO3lvfMb0AsoPaBG+5KHUI0wYFXOtYPnVVVspTFUuMZNfNaNVRt3FZadstu2c8x23vykRW/NBoU6A==
  dependencies:
    has "^1.0.3"

jsonc-parser@^3.2.0:
  version "3.2.0"
  resolved "https://registry.yarnpkg.com/jsonc-parser/-/jsonc-parser-3.2.0.tgz#31ff3f4c2b9793f89c67212627c51c6394f88e76"
  integrity sha512-gfFQZrcTc8CnKXp6Y4/CBT3fTc0OVuDofpre4aEeEpSBPV5X5v4+Vmx+8snU7RLPrNHPKSgLxGo9YuQzz20o+w==

magic-string@^0.25.7:
  version "0.25.9"
  resolved "https://registry.npmjs.org/magic-string/-/magic-string-0.25.9.tgz"
  integrity sha512-RmF0AsMzgt25qzqqLc1+MbHmhdx0ojF2Fvs4XnOqz2ZOBXzzkEwc/dJQZCYHAn7v1jbVOjAZfK8msRn4BxO4VQ==
  dependencies:
    sourcemap-codec "^1.4.8"

markdown-it-imsize@^2.0.1:
  version "2.0.1"
  resolved "https://registry.npmjs.org/markdown-it-imsize/-/markdown-it-imsize-2.0.1.tgz"
  integrity sha512-5SH90ademqcR8ifQCBXRCfIR4HGfZZOh5pO0j2TglulfSQH+SBXM4Iw/QlTUbSoUwVZArCYgECoMvktDS2kP3w==

nanoid@^3.3.4:
  version "3.3.4"
  resolved "https://registry.npmjs.org/nanoid/-/nanoid-3.3.4.tgz"
  integrity sha512-MqBkQh/OHTS2egovRtLk45wEyNXwF+cokD+1YPf9u5VfJiRdAiRwB2froX5Co9Rh20xs4siNPm8naNotSD6RBw==

path-parse@^1.0.7:
  version "1.0.7"
  resolved "https://registry.npmjs.org/path-parse/-/path-parse-1.0.7.tgz"
  integrity sha512-LDJzPVEEEPR+y48z93A0Ed0yXb8pAByGWo/k5YYdYgpY2/2EsOsksJrq7lOHxryrVOn1ejG6oAp8ahvOIQD8sw==

picocolors@^1.0.0:
  version "1.0.0"
  resolved "https://registry.npmjs.org/picocolors/-/picocolors-1.0.0.tgz"
  integrity sha512-1fygroTLlHu66zi26VoTDv8yRgm0Fccecssto+MhsZ0D/DGW2sm8E8AjW7NU5VVTRt5GxbeZ5qBuJr+HyLYkjQ==

postcss@^8.1.10:
  version "8.4.14"
  resolved "https://registry.npmjs.org/postcss/-/postcss-8.4.14.tgz"
  integrity sha512-E398TUmfAYFPBSdzgeieK2Y1+1cpdxJx8yXbK/m57nRhKSmk1GB2tO4lbLBtlkfPQTDKfe4Xqv1ASWPpayPEig==
  dependencies:
    nanoid "^3.3.4"
    picocolors "^1.0.0"
    source-map-js "^1.0.2"

postcss@^8.4.20:
  version "8.4.20"
  resolved "https://registry.yarnpkg.com/postcss/-/postcss-8.4.20.tgz#64c52f509644cecad8567e949f4081d98349dc56"
  integrity sha512-6Q04AXR1212bXr5fh03u8aAwbLxAQNGQ/Q1LNa0VfOI06ZAlhPHtQvE4OIdpj4kLThXilalPnmDSOD65DcHt+g==
  dependencies:
    nanoid "^3.3.4"
    picocolors "^1.0.0"
    source-map-js "^1.0.2"

preact@^10.0.0:
  version "10.10.0"
  resolved "https://registry.npmjs.org/preact/-/preact-10.10.0.tgz"
  integrity sha512-fszkg1iJJjq68I4lI8ZsmBiaoQiQHbxf1lNq+72EmC/mZOsFF5zn3k1yv9QGoFgIXzgsdSKtYymLJsrJPoamjQ==

resolve@^1.22.1:
  version "1.22.1"
  resolved "https://registry.yarnpkg.com/resolve/-/resolve-1.22.1.tgz#27cb2ebb53f91abb49470a928bba7558066ac177"
  integrity sha512-nBpuuYuY5jFsli/JIs1oldw6fOQCBioohqWZg/2hiaOybXOft4lonv85uDOKXdf8rhyK159cxU5cDcK/NKk8zw==
  dependencies:
    is-core-module "^2.9.0"
    path-parse "^1.0.7"
    supports-preserve-symlinks-flag "^1.0.0"

rollup@^3.7.0:
  version "3.7.4"
  resolved "https://registry.yarnpkg.com/rollup/-/rollup-3.7.4.tgz#993c3b30eff1df96f5eafb7c2ef7648960f2fa34"
  integrity sha512-jN9rx3k5pfg9H9al0r0y1EYKSeiRANZRYX32SuNXAnKzh6cVyf4LZVto1KAuDnbHT03E1CpsgqDKaqQ8FZtgxw==
  optionalDependencies:
    fsevents "~2.3.2"

shiki@^0.13.0:
  version "0.13.0"
  resolved "https://registry.yarnpkg.com/shiki/-/shiki-0.13.0.tgz#8e9aaca36bce49480f8f0ff014a31887190d1246"
  integrity sha512-QucKtRFyoHgivnde/6tXu+7ZfUhcg02qiFlUSa4X0jQvHVKdtrimWPlbg+q06H2EeNSuj9DcMhtB18GgtDLsmw==
  dependencies:
    jsonc-parser "^3.2.0"
    vscode-oniguruma "^1.7.0"
    vscode-textmate "^8.0.0"

source-map-js@^1.0.2:
  version "1.0.2"
  resolved "https://registry.npmjs.org/source-map-js/-/source-map-js-1.0.2.tgz"
  integrity sha512-R0XvVJ9WusLiqTCEiGCmICCMplcCkIwwR11mOSD9CR5u+IXYdiseeEuXCVAjS54zqwkLcPNnmU4OeJ6tUrWhDw==

source-map@^0.6.1:
  version "0.6.1"
  resolved "https://registry.npmjs.org/source-map/-/source-map-0.6.1.tgz"
  integrity sha512-UjgapumWlbMhkBgzT7Ykc5YXUT46F0iKu8SGXq0bcwP5dz/h0Plj6enJqjz1Zbq2l5WaqYnrVbwWOWMyF3F47g==

sourcemap-codec@^1.4.8:
  version "1.4.8"
  resolved "https://registry.npmjs.org/sourcemap-codec/-/sourcemap-codec-1.4.8.tgz"
  integrity sha512-9NykojV5Uih4lgo5So5dtw+f0JgJX30KCNI8gwhz2J9A15wD0Ml6tjHKwf6fTSa6fAdVBdZeNOs9eJ71qCk8vA==

supports-preserve-symlinks-flag@^1.0.0:
  version "1.0.0"
  resolved "https://registry.npmjs.org/supports-preserve-symlinks-flag/-/supports-preserve-symlinks-flag-1.0.0.tgz"
  integrity sha512-ot0WnXS9fgdkgIcePe6RHNk1WA8+muPa6cSjeR3V8K27q9BB1rTE3R1p7Hv0z1ZyAc8s6Vvv8DIyWf681MAt0w==

vite@^4.0.4:
  version "4.0.4"
  resolved "https://registry.yarnpkg.com/vite/-/vite-4.0.4.tgz#4612ce0b47bbb233a887a54a4ae0c6e240a0da31"
  integrity sha512-xevPU7M8FU0i/80DMR+YhgrzR5KS2ORy1B4xcX/cXLsvnUWvfHuqMmVU6N0YiJ4JWGRJJsLCgjEzKjG9/GKoSw==
  dependencies:
    esbuild "^0.16.3"
    postcss "^8.4.20"
    resolve "^1.22.1"
    rollup "^3.7.0"
  optionalDependencies:
    fsevents "~2.3.2"

vitepress@^1.0.0-alpha.43:
  version "1.0.0-alpha.43"
  resolved "https://registry.yarnpkg.com/vitepress/-/vitepress-1.0.0-alpha.43.tgz#56b4000815d6f5186c3f6f4957209fcd46f498c6"
  integrity sha512-bguPWYojF371vIfTY8jGmKeFroRe6UVGmDp3+PjTnVq57wTlz9x88OKm6KKF4l/1D7GugkHex5X9wNcOdCmCiQ==
  dependencies:
    "@docsearch/css" "^3.3.2"
    "@docsearch/js" "^3.3.2"
    "@vitejs/plugin-vue" "^4.0.0"
    "@vue/devtools-api" "^6.5.0"
    "@vueuse/core" "^9.11.1"
    body-scroll-lock "4.0.0-beta.0"
    shiki "^0.13.0"
    vite "^4.0.4"
    vue "^3.2.45"

vscode-oniguruma@^1.7.0:
  version "1.7.0"
  resolved "https://registry.yarnpkg.com/vscode-oniguruma/-/vscode-oniguruma-1.7.0.tgz#439bfad8fe71abd7798338d1cd3dc53a8beea94b"
  integrity sha512-L9WMGRfrjOhgHSdOYgCt/yRMsXzLDJSL7BPrOZt73gU0iWO4mpqzqQzOz5srxqTvMBaR0XZTSrVWo4j55Rc6cA==

vscode-textmate@^8.0.0:
  version "8.0.0"
  resolved "https://registry.yarnpkg.com/vscode-textmate/-/vscode-textmate-8.0.0.tgz#2c7a3b1163ef0441097e0b5d6389cd5504b59e5d"
  integrity sha512-AFbieoL7a5LMqcnOF04ji+rpXadgOXnZsxQr//r83kLPr7biP7am3g9zbaZIaBGwBRWeSvoMD4mgPdX3e4NWBg==

vue-demi@*:
  version "0.13.5"
  resolved "https://registry.npmjs.org/vue-demi/-/vue-demi-0.13.5.tgz"
  integrity sha512-tO3K2bML3AwiHmVHeKCq6HLef2st4zBXIV5aEkoJl6HZ+gJWxWv2O8wLH8qrA3SX3lDoTDHNghLX1xZg83MXvw==

vue@^3.2.45:
  version "3.2.45"
  resolved "https://registry.yarnpkg.com/vue/-/vue-3.2.45.tgz#94a116784447eb7dbd892167784619fef379b3c8"
  integrity sha512-9Nx/Mg2b2xWlXykmCwiTUCWHbWIj53bnkizBxKai1g61f2Xit700A1ljowpTIM11e3uipOeiPcSqnmBg6gyiaA==
  dependencies:
    "@vue/compiler-dom" "3.2.45"
    "@vue/compiler-sfc" "3.2.45"
    "@vue/runtime-dom" "3.2.45"
    "@vue/server-renderer" "3.2.45"
    "@vue/shared" "3.2.45"
